<?xml version="1.0" encoding="utf-8"?>
<Project ToolsVersion="4.0" xmlns="http://schemas.microsoft.com/developer/msbuild/2003">
  <ItemGroup>
    <Filter Include="Source Files">
      <UniqueIdentifier>{4FC737F1-C7A5-4376-A066-2A32D752A2FF}</UniqueIdentifier>
      <Extensions>cpp;c;cc;cxx;def;odl;idl;hpj;bat;asm;asmx</Extensions>
    </Filter>
    <Filter Include="Header Files">
      <UniqueIdentifier>{93995380-89BD-4b04-88EB-625FBE52EBFB}</UniqueIdentifier>
      <Extensions>h;hh;hpp;hxx;hm;inl;inc;ipp;xsd</Extensions>
    </Filter>
    <Filter Include="Resource Files">
      <UniqueIdentifier>{67DA6AB6-F800-4c08-8B7A-83BB121AAD01}</UniqueIdentifier>
      <Extensions>rc;ico;cur;bmp;dlg;rc2;rct;bin;rgs;gif;jpg;jpeg;jpe;resx;tiff;tif;png;wav;mfcribbon-ms</Extensions>
    </Filter>
    <Filter Include="Math">
      <UniqueIdentifier>{213bc0e8-7257-4df5-93b7-5f67d04fe0b8}</UniqueIdentifier>
    </Filter>
    <Filter Include="EngineObjects">
      <UniqueIdentifier>{96798a97-7fd9-4d4b-89d5-457479115b81}</UniqueIdentifier>
    </Filter>
    <Filter Include="Rendering">
      <UniqueIdentifier>{f05b51bf-832c-4635-8920-2f0a0900c0a2}</UniqueIdentifier>
    </Filter>
  </ItemGroup>
  <ItemGroup>
    <ClCompile Include="Source.cpp">
      <Filter>Source Files</Filter>
    </ClCompile>
    <ClCompile Include="IvMatrix33.cpp">
      <Filter>Math</Filter>
    </ClCompile>
    <ClCompile Include="Transform44.cpp">
      <Filter>Math</Filter>
    </ClCompile>
    <ClCompile Include="IvMatrix44.cpp">
      <Filter>Math</Filter>
    </ClCompile>
    <ClCompile Include="Camera.cpp">
      <Filter>EngineObjects</Filter>
    </ClCompile>
    <ClCompile Include="Game.cpp">
      <Filter>Rendering</Filter>
    </ClCompile>
    <ClCompile Include="Model.cpp">
      <Filter>Rendering</Filter>
    </ClCompile>
    <ClCompile Include="Vector4.cpp">
      <Filter>Math</Filter>
    </ClCompile>
  </ItemGroup>
  <ItemGroup>
    <ClInclude Include="IvMatrix33.h">
      <Filter>Math</Filter>
    </ClInclude>
    <ClInclude Include="Transform44.h">
      <Filter>Math</Filter>
    </ClInclude>
    <ClInclude Include="IvMatrix44.h">
      <Filter>Math</Filter>
    </ClInclude>
    <ClInclude Include="Camera.h">
      <Filter>EngineObjects</Filter>
    </ClInclude>
    <ClInclude Include="Render.h">
      <Filter>Rendering</Filter>
    </ClInclude>
    <ClInclude Include="Game.h">
      <Filter>Rendering</Filter>
    </ClInclude>
    <ClInclude Include="Model.h">
      <Filter>Rendering</Filter>
    </ClInclude>
    <ClInclude Include="Vector4.h">
      <Filter>Math</Filter>
    </ClInclude>
    <ClInclude Include="SDLHelper.h">
      <Filter>Rendering</Filter>
    </ClInclude>
  </ItemGroup>
</Project>